
Microsoft Visual Studio Solution File, Format Version 11.00
# Visual Studio 2010
Project("{FAE04EC0-301F-11D3-BF4B-00C04F79EFBC}") = "Assembly-CSharp", "Assembly-CSharp.csproj", "{5c73cb8b-0999-f337-32b0-f1f9d27111c6}"
EndProject
Project("{FAE04EC0-301F-11D3-BF4B-00C04F79EFBC}") = "Assembly-CSharp-firstpass", "Assembly-CSharp-firstpass.csproj", "{cc6a1a2d-b414-f890-8369-f440b058e32e}"
EndProject
Global
	GlobalSection(SolutionConfigurationPlatforms) = preSolution
		Debug|Any CPU = Debug|Any CPU
	EndGlobalSection
	GlobalSection(ProjectConfigurationPlatforms) = postSolution
		{5c73cb8b-0999-f337-32b0-f1f9d27111c6}.Debug|Any CPU.ActiveCfg = Debug|Any CPU
		{5c73cb8b-0999-f337-32b0-f1f9d27111c6}.Debug|Any CPU.Build.0 = Debug|Any CPU
		{cc6a1a2d-b414-f890-8369-f440b058e32e}.Debug|Any CPU.ActiveCfg = Debug|Any CPU
		{cc6a1a2d-b414-f890-8369-f440b058e32e}.Debug|Any CPU.Build.0 = Debug|Any CPU
	EndGlobalSection
	GlobalSection(SolutionProperties) = preSolution
		HideSolutionNode = FALSE
	EndGlobalSection
EndGlobal
